// !$*UTF8*$!
{
	archiveVersion = 1;
	classes = {
	};
	objectVersion = 56;
	objects = {

/* Begin PBXBuildFile section */
		A00000000000000000000001 /* ClawboardApp.swift in Sources */ = {isa = PBXBuildFile; fileRef = A00000000000000000000011 /* ClawboardApp.swift */; };
		A00000000000000000000002 /* RootTabView.swift in Sources */ = {isa = PBXBuildFile; fileRef = A00000000000000000000012 /* RootTabView.swift */; };
		A00000000000000000000003 /* AppModels.swift in Sources */ = {isa = PBXBuildFile; fileRef = A00000000000000000000013 /* AppModels.swift */; };
		A00000000000000000000004 /* ConnectorClient.swift in Sources */ = {isa = PBXBuildFile; fileRef = A00000000000000000000014 /* ConnectorClient.swift */; };
		A00000000000000000000005 /* DashboardView.swift in Sources */ = {isa = PBXBuildFile; fileRef = A00000000000000000000015 /* DashboardView.swift */; };
		A00000000000000000000006 /* LobsterListView.swift in Sources */ = {isa = PBXBuildFile; fileRef = A00000000000000000000016 /* LobsterListView.swift */; };
		A00000000000000000000007 /* TaskListView.swift in Sources */ = {isa = PBXBuildFile; fileRef = A00000000000000000000017 /* TaskListView.swift */; };
		A00000000000000000000008 /* TaskDetailView.swift in Sources */ = {isa = PBXBuildFile; fileRef = A00000000000000000000018 /* TaskDetailView.swift */; };
		A00000000000000000000009 /* ApprovalCenterView.swift in Sources */ = {isa = PBXBuildFile; fileRef = A00000000000000000000019 /* ApprovalCenterView.swift */; };
		A0000000000000000000000A /* SettingsView.swift in Sources */ = {isa = PBXBuildFile; fileRef = A0000000000000000000001A /* SettingsView.swift */; };
		A0000000000000000000000B /* MockData.swift in Sources */ = {isa = PBXBuildFile; fileRef = A0000000000000000000001B /* MockData.swift */; };
		A0000000000000000000000C /* AppViewModel.swift in Sources */ = {isa = PBXBuildFile; fileRef = A0000000000000000000001C /* AppViewModel.swift */; };
		A0000000000000000000000D /* LobsterDetailView.swift in Sources */ = {isa = PBXBuildFile; fileRef = A0000000000000000000001D /* LobsterDetailView.swift */; };
		A0000000000000000000000E /* ApprovalDetailView.swift in Sources */ = {isa = PBXBuildFile; fileRef = A0000000000000000000001E /* ApprovalDetailView.swift */; };
		A00000000000000000000010 /* PairingFlowView.swift in Sources */ = {isa = PBXBuildFile; fileRef = A0000000000000000000001F /* PairingFlowView.swift */; };
		B00000000000000000000001 /* AppStateStore.swift in Sources */ = {isa = PBXBuildFile; fileRef = B00000000000000000000011 /* AppStateStore.swift */; };
		B00000000000000000000002 /* AppTheme.swift in Sources */ = {isa = PBXBuildFile; fileRef = B00000000000000000000012 /* AppTheme.swift */; };
		B00000000000000000000003 /* InfoCard.swift in Sources */ = {isa = PBXBuildFile; fileRef = B00000000000000000000013 /* InfoCard.swift */; };
		B00000000000000000000004 /* StatusBadge.swift in Sources */ = {isa = PBXBuildFile; fileRef = B00000000000000000000014 /* StatusBadge.swift */; };
		B00000000000000000000005 /* BridgeCredentialStore.swift in Sources */ = {isa = PBXBuildFile; fileRef = B00000000000000000000015 /* BridgeCredentialStore.swift */; };
/* End PBXBuildFile section */

/* Begin PBXFileReference section */
		A0000000000000000000000F /* Clawboard.app */ = {isa = PBXFileReference; explicitFileType = wrapper.application; includeInIndex = 0; path = Clawboard.app; sourceTree = BUILT_PRODUCTS_DIR; };
		A00000000000000000000011 /* ClawboardApp.swift */ = {isa = PBXFileReference; lastKnownFileType = sourcecode.swift; path = Clawboard/App/ClawboardApp.swift; sourceTree = "<group>"; };
		A00000000000000000000012 /* RootTabView.swift */ = {isa = PBXFileReference; lastKnownFileType = sourcecode.swift; path = Clawboard/App/RootTabView.swift; sourceTree = "<group>"; };
		A00000000000000000000013 /* AppModels.swift */ = {isa = PBXFileReference; lastKnownFileType = sourcecode.swift; path = Clawboard/Core/Models/AppModels.swift; sourceTree = "<group>"; };
		A00000000000000000000014 /* ConnectorClient.swift */ = {isa = PBXFileReference; lastKnownFileType = sourcecode.swift; path = Clawboard/Core/Networking/ConnectorClient.swift; sourceTree = "<group>"; };
		A00000000000000000000015 /* DashboardView.swift */ = {isa = PBXFileReference; lastKnownFileType = sourcecode.swift; path = Clawboard/Features/Dashboard/DashboardView.swift; sourceTree = "<group>"; };
		A00000000000000000000016 /* LobsterListView.swift */ = {isa = PBXFileReference; lastKnownFileType = sourcecode.swift; path = Clawboard/Features/Lobsters/LobsterListView.swift; sourceTree = "<group>"; };
		A00000000000000000000017 /* TaskListView.swift */ = {isa = PBXFileReference; lastKnownFileType = sourcecode.swift; path = Clawboard/Features/Tasks/TaskListView.swift; sourceTree = "<group>"; };
		A00000000000000000000018 /* TaskDetailView.swift */ = {isa = PBXFileReference; lastKnownFileType = sourcecode.swift; path = Clawboard/Features/Tasks/TaskDetailView.swift; sourceTree = "<group>"; };
		A00000000000000000000019 /* ApprovalCenterView.swift */ = {isa = PBXFileReference; lastKnownFileType = sourcecode.swift; path = Clawboard/Features/Approvals/ApprovalCenterView.swift; sourceTree = "<group>"; };
		A0000000000000000000001A /* SettingsView.swift */ = {isa = PBXFileReference; lastKnownFileType = sourcecode.swift; path = Clawboard/Features/Settings/SettingsView.swift; sourceTree = "<group>"; };
		A0000000000000000000001B /* MockData.swift */ = {isa = PBXFileReference; lastKnownFileType = sourcecode.swift; path = Clawboard/Core/Networking/MockData.swift; sourceTree = "<group>"; };
		A0000000000000000000001C /* AppViewModel.swift */ = {isa = PBXFileReference; lastKnownFileType = sourcecode.swift; path = Clawboard/Core/ViewModels/AppViewModel.swift; sourceTree = "<group>"; };
		A0000000000000000000001D /* LobsterDetailView.swift */ = {isa = PBXFileReference; lastKnownFileType = sourcecode.swift; path = Clawboard/Features/Lobsters/LobsterDetailView.swift; sourceTree = "<group>"; };
		A0000000000000000000001E /* ApprovalDetailView.swift */ = {isa = PBXFileReference; lastKnownFileType = sourcecode.swift; path = Clawboard/Features/Approvals/ApprovalDetailView.swift; sourceTree = "<group>"; };
		A0000000000000000000001F /* PairingFlowView.swift */ = {isa = PBXFileReference; lastKnownFileType = sourcecode.swift; path = Clawboard/Features/Settings/PairingFlowView.swift; sourceTree = "<group>"; };
		B00000000000000000000011 /* AppStateStore.swift */ = {isa = PBXFileReference; lastKnownFileType = sourcecode.swift; path = Clawboard/Core/Networking/AppStateStore.swift; sourceTree = "<group>"; };
		B00000000000000000000012 /* AppTheme.swift */ = {isa = PBXFileReference; lastKnownFileType = sourcecode.swift; path = Clawboard/Shared/Theme/AppTheme.swift; sourceTree = "<group>"; };
		B00000000000000000000013 /* InfoCard.swift */ = {isa = PBXFileReference; lastKnownFileType = sourcecode.swift; path = Clawboard/Shared/Components/InfoCard.swift; sourceTree = "<group>"; };
		B00000000000000000000014 /* StatusBadge.swift */ = {isa = PBXFileReference; lastKnownFileType = sourcecode.swift; path = Clawboard/Shared/Components/StatusBadge.swift; sourceTree = "<group>"; };
		B00000000000000000000015 /* BridgeCredentialStore.swift */ = {isa = PBXFileReference; lastKnownFileType = sourcecode.swift; path = Clawboard/Core/Networking/BridgeCredentialStore.swift; sourceTree = "<group>"; };
/* End PBXFileReference section */

/* Begin PBXFrameworksBuildPhase section */
		A00000000000000000000030 /* Frameworks */ = {
			isa = PBXFrameworksBuildPhase;
			buildActionMask = 2147483647;
			files = (
			);
			runOnlyForDeploymentPostprocessing = 0;
		};
/* End PBXFrameworksBuildPhase section */

/* Begin PBXGroup section */
		A00000000000000000000020 = {
			isa = PBXGroup;
			children = (
				A00000000000000000000021 /* Clawboard */,
				A00000000000000000000022 /* Products */,
			);
			sourceTree = "<group>";
		};
		A00000000000000000000021 /* Clawboard */ = {
			isa = PBXGroup;
			children = (
				A00000000000000000000011 /* ClawboardApp.swift */,
				A00000000000000000000012 /* RootTabView.swift */,
				A00000000000000000000013 /* AppModels.swift */,
				B00000000000000000000011 /* AppStateStore.swift */,
				A00000000000000000000014 /* ConnectorClient.swift */,
				B00000000000000000000015 /* BridgeCredentialStore.swift */,
				A0000000000000000000001B /* MockData.swift */,
				A0000000000000000000001C /* AppViewModel.swift */,
				A00000000000000000000015 /* DashboardView.swift */,
				A00000000000000000000016 /* LobsterListView.swift */,
				A0000000000000000000001D /* LobsterDetailView.swift */,
				A00000000000000000000017 /* TaskListView.swift */,
				A00000000000000000000018 /* TaskDetailView.swift */,
				A00000000000000000000019 /* ApprovalCenterView.swift */,
				A0000000000000000000001E /* ApprovalDetailView.swift */,
				A0000000000000000000001A /* SettingsView.swift */,
				A0000000000000000000001F /* PairingFlowView.swift */,
				B00000000000000000000012 /* AppTheme.swift */,
				B00000000000000000000013 /* InfoCard.swift */,
				B00000000000000000000014 /* StatusBadge.swift */,
			);
			path = "";
			sourceTree = "<group>";
		};
		A00000000000000000000022 /* Products */ = {
			isa = PBXGroup;
			children = (
				A0000000000000000000000F /* Clawboard.app */,
			);
			name = Products;
			sourceTree = "<group>";
		};
/* End PBXGroup section */

/* Begin PBXNativeTarget section */
		A00000000000000000000040 /* Clawboard */ = {
			isa = PBXNativeTarget;
			buildConfigurationList = A00000000000000000000050 /* Build configuration list for PBXNativeTarget "Clawboard" */;
			buildPhases = (
				A00000000000000000000031 /* Sources */,
				A00000000000000000000030 /* Frameworks */,
				A00000000000000000000032 /* Resources */,
			);
			buildRules = (
			);
			dependencies = (
			);
			name = Clawboard;
			productName = Clawboard;
			productReference = A0000000000000000000000F /* Clawboard.app */;
			productType = "com.apple.product-type.application";
		};
/* End PBXNativeTarget section */

/* Begin PBXProject section */
		A00000000000000000000060 /* Project object */ = {
			isa = PBXProject;
			attributes = {
				BuildIndependentTargetsInParallel = 1;
				LastSwiftUpdateCheck = 1600;
				LastUpgradeCheck = 1600;
				TargetAttributes = {
					A00000000000000000000040 = {
						CreatedOnToolsVersion = 16.0;
					};
				};
			};
			buildConfigurationList = A00000000000000000000061 /* Build configuration list for PBXProject "Clawboard" */;
			compatibilityVersion = "Xcode 15.0";
			developmentRegion = zh-Hans;
			hasScannedForEncodings = 0;
			knownRegions = (
				en,
				Base,
				"zh-Hans",
			);
			mainGroup = A00000000000000000000020;
			productRefGroup = A00000000000000000000022 /* Products */;
			projectDirPath = "";
			projectRoot = "";
			targets = (
				A00000000000000000000040 /* Clawboard */,
			);
		};
/* End PBXProject section */

/* Begin PBXResourcesBuildPhase section */
		A00000000000000000000032 /* Resources */ = {
			isa = PBXResourcesBuildPhase;
			buildActionMask = 2147483647;
			files = (
			);
			runOnlyForDeploymentPostprocessing = 0;
		};
/* End PBXResourcesBuildPhase section */

/* Begin PBXSourcesBuildPhase section */
		A00000000000000000000031 /* Sources */ = {
			isa = PBXSourcesBuildPhase;
			buildActionMask = 2147483647;
			files = (
				A00000000000000000000001 /* ClawboardApp.swift in Sources */,
				A00000000000000000000002 /* RootTabView.swift in Sources */,
				A00000000000000000000003 /* AppModels.swift in Sources */,
				B00000000000000000000001 /* AppStateStore.swift in Sources */,
				A00000000000000000000004 /* ConnectorClient.swift in Sources */,
				B00000000000000000000005 /* BridgeCredentialStore.swift in Sources */,
				A0000000000000000000000B /* MockData.swift in Sources */,
				A0000000000000000000000C /* AppViewModel.swift in Sources */,
				B00000000000000000000002 /* AppTheme.swift in Sources */,
				B00000000000000000000003 /* InfoCard.swift in Sources */,
				B00000000000000000000004 /* StatusBadge.swift in Sources */,
				A00000000000000000000005 /* DashboardView.swift in Sources */,
				A00000000000000000000006 /* LobsterListView.swift in Sources */,
				A0000000000000000000000D /* LobsterDetailView.swift in Sources */,
				A00000000000000000000007 /* TaskListView.swift in Sources */,
				A00000000000000000000008 /* TaskDetailView.swift in Sources */,
				A00000000000000000000009 /* ApprovalCenterView.swift in Sources */,
				A0000000000000000000000E /* ApprovalDetailView.swift in Sources */,
				A0000000000000000000000A /* SettingsView.swift in Sources */,
				A00000000000000000000010 /* PairingFlowView.swift in Sources */,
			);
			runOnlyForDeploymentPostprocessing = 0;
		};
/* End PBXSourcesBuildPhase section */

/* Begin XCBuildConfiguration section */
		A00000000000000000000070 /* Debug */ = {
			isa = XCBuildConfiguration;
			buildSettings = {
				ALWAYS_SEARCH_USER_PATHS = NO;
				CLANG_ENABLE_MODULES = YES;
				CLANG_ENABLE_OBJC_ARC = YES;
				CLANG_WARN_DOCUMENTATION_COMMENTS = YES;
				CLANG_WARN_QUOTED_INCLUDE_IN_FRAMEWORK_HEADER = YES;
				COPY_PHASE_STRIP = NO;
				DEBUG_INFORMATION_FORMAT = dwarf;
				ENABLE_STRICT_OBJC_MSGSEND = YES;
				ENABLE_TESTABILITY = YES;
				GCC_C_LANGUAGE_STANDARD = gnu17;
				IPHONEOS_DEPLOYMENT_TARGET = 17.0;
				SDKROOT = iphoneos;
				SWIFT_ACTIVE_COMPILATION_CONDITIONS = DEBUG;
				SWIFT_OPTIMIZATION_LEVEL = "-Onone";
			};
			name = Debug;
		};
		A00000000000000000000071 /* Release */ = {
			isa = XCBuildConfiguration;
			buildSettings = {
				ALWAYS_SEARCH_USER_PATHS = NO;
				CLANG_ENABLE_MODULES = YES;
				CLANG_ENABLE_OBJC_ARC = YES;
				COPY_PHASE_STRIP = NO;
				DEBUG_INFORMATION_FORMAT = "dwarf-with-dsym";
				ENABLE_NS_ASSERTIONS = NO;
				GCC_C_LANGUAGE_STANDARD = gnu17;
				IPHONEOS_DEPLOYMENT_TARGET = 17.0;
				SDKROOT = iphoneos;
				SWIFT_COMPILATION_MODE = wholemodule;
				SWIFT_OPTIMIZATION_LEVEL = "-O";
			};
			name = Release;
		};
		A00000000000000000000072 /* Debug */ = {
			isa = XCBuildConfiguration;
			buildSettings = {
				ASSETCATALOG_COMPILER_APPICON_NAME = AppIcon;
				CODE_SIGN_STYLE = Automatic;
				CURRENT_PROJECT_VERSION = 1;
				DEVELOPMENT_TEAM = "";
				GENERATE_INFOPLIST_FILE = YES;
				INFOPLIST_KEY_UIApplicationSceneManifest_Generation = YES;
				INFOPLIST_KEY_UIApplicationSupportsIndirectInputEvents = YES;
				INFOPLIST_KEY_UILaunchScreen_Generation = YES;
				INFOPLIST_KEY_UISupportedInterfaceOrientations_iPhone = "UIInterfaceOrientationPortrait";
				LD_RUNPATH_SEARCH_PATHS = "@executable_path/Frameworks";
				MARKETING_VERSION = 0.1.0;
				PRODUCT_BUNDLE_IDENTIFIER = ai.openclaw.clawboard;
				PRODUCT_NAME = "$(TARGET_NAME)";
				SUPPORTED_PLATFORMS = "iphoneos iphonesimulator";
				SWIFT_EMIT_LOC_STRINGS = YES;
				SWIFT_VERSION = 5.0;
				TARGETED_DEVICE_FAMILY = 1;
			};
			name = Debug;
		};
		A00000000000000000000073 /* Release */ = {
			isa = XCBuildConfiguration;
			buildSettings = {
				ASSETCATALOG_COMPILER_APPICON_NAME = AppIcon;
				CODE_SIGN_STYLE = Automatic;
				CURRENT_PROJECT_VERSION = 1;
				DEVELOPMENT_TEAM = "";
				GENERATE_INFOPLIST_FILE = YES;
				INFOPLIST_KEY_UIApplicationSceneManifest_Generation = YES;
				INFOPLIST_KEY_UIApplicationSupportsIndirectInputEvents = YES;
				INFOPLIST_KEY_UILaunchScreen_Generation = YES;
				INFOPLIST_KEY_UISupportedInterfaceOrientations_iPhone = "UIInterfaceOrientationPortrait";
				LD_RUNPATH_SEARCH_PATHS = "@executable_path/Frameworks";
				MARKETING_VERSION = 0.1.0;
				PRODUCT_BUNDLE_IDENTIFIER = ai.openclaw.clawboard;
				PRODUCT_NAME = "$(TARGET_NAME)";
				SUPPORTED_PLATFORMS = "iphoneos iphonesimulator";
				SWIFT_EMIT_LOC_STRINGS = YES;
				SWIFT_VERSION = 5.0;
				TARGETED_DEVICE_FAMILY = 1;
			};
			name = Release;
		};
/* End XCBuildConfiguration section */

/* Begin XCConfigurationList section */
		A00000000000000000000050 /* Build configuration list for PBXNativeTarget "Clawboard" */ = {
			isa = XCConfigurationList;
			buildConfigurations = (
				A00000000000000000000072 /* Debug */,
				A00000000000000000000073 /* Release */,
			);
			defaultConfigurationIsVisible = 0;
			defaultConfigurationName = Release;
		};
		A00000000000000000000061 /* Build configuration list for PBXProject "Clawboard" */ = {
			isa = XCConfigurationList;
			buildConfigurations = (
				A00000000000000000000070 /* Debug */,
				A00000000000000000000071 /* Release */,
			);
			defaultConfigurationIsVisible = 0;
			defaultConfigurationName = Release;
		};
/* End XCConfigurationList section */
	};
	rootObject = A00000000000000000000060 /* Project object */;
}
